
Microsoft Visual Studio Solution File, Format Version 12.00
# Visual Studio Version 17
VisualStudioVersion = 17.11.35327.3
MinimumVisualStudioVersion = 10.0.40219.1
Project("{FAE04EC0-301F-11D3-BF4B-00C04F79EFBC}") = "CountryJson", "CountryJson\CountryJson.csproj", "{A46C2994-9606-45C5-8D32-E655F912C7AA}"
EndProject
Global
	GlobalSection(SolutionConfigurationPlatforms) = preSolution
		Debug|Any CPU = Debug|Any CPU
		Release|Any CPU = Release|Any CPU
	EndGlobalSection
	GlobalSection(ProjectConfigurationPlatforms) = postSolution
		{A46C2994-9606-45C5-8D32-E655F912C7AA}.Debug|Any CPU.ActiveCfg = Debug|Any CPU
		{A46C2994-9606-45C5-8D32-E655F912C7AA}.Debug|Any CPU.Build.0 = Debug|Any CPU
		{A46C2994-9606-45C5-8D32-E655F912C7AA}.Release|Any CPU.ActiveCfg = Release|Any CPU
		{A46C2994-9606-45C5-8D32-E655F912C7AA}.Release|Any CPU.Build.0 = Release|Any CPU
	EndGlobalSection
	GlobalSection(SolutionProperties) = preSolution
		HideSolutionNode = FALSE
	EndGlobalSection
	GlobalSection(ExtensibilityGlobals) = postSolution
		SolutionGuid = {85BE02CB-B875-4A4F-A42A-9BD0C59193D0}
	EndGlobalSection
EndGlobal
